// !$*UTF8*$!
{
	archiveVersion = 1;
	classes = {
	};
	objectVersion = 50;
	objects = {

/* Begin PBXBuildFile section */
		E84D86BE2215C7240081B328 /* libglfw3.a in Frameworks */ = {isa = PBXBuildFile; fileRef = E84D86BD2215C7240081B328 /* libglfw3.a */; };
		E84D87D0222413540081B328 /* Camera.cpp in Sources */ = {isa = PBXBuildFile; fileRef = E84D87C1222413540081B328 /* Camera.cpp */; };
		E84D87D1222413540081B328 /* glad.c in Sources */ = {isa = PBXBuildFile; fileRef = E84D87C4222413540081B328 /* glad.c */; };
		E84D87D2222413540081B328 /* Texture.cpp in Sources */ = {isa = PBXBuildFile; fileRef = E84D87C8222413540081B328 /* Texture.cpp */; };
		E84D87D3222413540081B328 /* Shader.cpp in Sources */ = {isa = PBXBuildFile; fileRef = E84D87CB222413540081B328 /* Shader.cpp */; };
		E84D87D4222413540081B328 /* DirectionLight.cpp in Sources */ = {isa = PBXBuildFile; fileRef = E84D87CE222413540081B328 /* DirectionLight.cpp */; };
		E84D87DA222417F80081B328 /* PointLight.cpp in Sources */ = {isa = PBXBuildFile; fileRef = E84D87D8222417F80081B328 /* PointLight.cpp */; };
		E84D87E022241D130081B328 /* Spotlight.cpp in Sources */ = {isa = PBXBuildFile; fileRef = E84D87DE22241D130081B328 /* Spotlight.cpp */; };
		E84D87E422256D4D0081B328 /* Mesh.cpp in Sources */ = {isa = PBXBuildFile; fileRef = E84D87E222256D4C0081B328 /* Mesh.cpp */; };
		E84D87EA222594710081B328 /* libassimp.4.1.0.dylib in Frameworks */ = {isa = PBXBuildFile; fileRef = E84D87E9222594700081B328 /* libassimp.4.1.0.dylib */; };
		E84D87EE2225B8CE0081B328 /* Model.cpp in Sources */ = {isa = PBXBuildFile; fileRef = E84D87ED2225B8CE0081B328 /* Model.cpp */; };
		E87F4D2A21AD7F6D00402370 /* Cocoa.framework in Frameworks */ = {isa = PBXBuildFile; fileRef = E87F4D2921AD7F6D00402370 /* Cocoa.framework */; };
		E87F4D2C21AD7F7400402370 /* OpenGL.framework in Frameworks */ = {isa = PBXBuildFile; fileRef = E87F4D2B21AD7F7400402370 /* OpenGL.framework */; };
		E87F4D2E21AD7F7A00402370 /* GLUT.framework in Frameworks */ = {isa = PBXBuildFile; fileRef = E87F4D2D21AD7F7A00402370 /* GLUT.framework */; };
		E87F4D3021AD7F8100402370 /* CoreVideo.framework in Frameworks */ = {isa = PBXBuildFile; fileRef = E87F4D2F21AD7F8100402370 /* CoreVideo.framework */; };
		E87F4D3221AD7F8800402370 /* IOKit.framework in Frameworks */ = {isa = PBXBuildFile; fileRef = E87F4D3121AD7F8800402370 /* IOKit.framework */; };
		E8A80E8021F0D25B00F4C528 /* 4.FaceCulling.mm in Sources */ = {isa = PBXBuildFile; fileRef = E8A80E7F21F0D25B00F4C528 /* 4.FaceCulling.mm */; };
/* End PBXBuildFile section */

/* Begin PBXCopyFilesBuildPhase section */
		E87F4CE121AD772F00402370 /* CopyFiles */ = {
			isa = PBXCopyFilesBuildPhase;
			buildActionMask = 2147483647;
			dstPath = /usr/share/man/man1/;
			dstSubfolderSpec = 0;
			files = (
			);
			runOnlyForDeploymentPostprocessing = 1;
		};
/* End PBXCopyFilesBuildPhase section */

/* Begin PBXFileReference section */
		E84D86BD2215C7240081B328 /* libglfw3.a */ = {isa = PBXFileReference; lastKnownFileType = archive.ar; name = libglfw3.a; path = ../../../../../usr/local/lib/libglfw3.a; sourceTree = "<group>"; };
		E84D870A221853F30081B328 /* light.vs */ = {isa = PBXFileReference; fileEncoding = 4; lastKnownFileType = sourcecode.glsl; path = light.vs; sourceTree = "<group>"; };
		E84D870B221853F30081B328 /* shader.vs */ = {isa = PBXFileReference; fileEncoding = 4; lastKnownFileType = sourcecode.glsl; path = shader.vs; sourceTree = "<group>"; };
		E84D870C221853F30081B328 /* shader.fs */ = {isa = PBXFileReference; fileEncoding = 4; lastKnownFileType = sourcecode.glsl; path = shader.fs; sourceTree = "<group>"; };
		E84D870D221853F30081B328 /* light.fs */ = {isa = PBXFileReference; fileEncoding = 4; lastKnownFileType = sourcecode.glsl; path = light.fs; sourceTree = "<group>"; };
		E84D8710221853F30081B328 /* container.jpg */ = {isa = PBXFileReference; lastKnownFileType = image.jpeg; path = container.jpg; sourceTree = "<group>"; };
		E84D8711221853F30081B328 /* metal.png */ = {isa = PBXFileReference; lastKnownFileType = image.png; path = metal.png; sourceTree = "<group>"; };
		E84D8712221853F30081B328 /* toy_box_disp.png */ = {isa = PBXFileReference; lastKnownFileType = image.png; path = toy_box_disp.png; sourceTree = "<group>"; };
		E84D8713221853F30081B328 /* container2_specular.png */ = {isa = PBXFileReference; lastKnownFileType = image.png; path = container2_specular.png; sourceTree = "<group>"; };
		E84D8714221853F30081B328 /* lighting_maps_specular_color.png */ = {isa = PBXFileReference; lastKnownFileType = image.png; path = lighting_maps_specular_color.png; sourceTree = "<group>"; };
		E84D8716221853F30081B328 /* newport_loft.hdr */ = {isa = PBXFileReference; lastKnownFileType = file; path = newport_loft.hdr; sourceTree = "<group>"; };
		E84D8717221853F30081B328 /* bricks2_disp.jpg */ = {isa = PBXFileReference; lastKnownFileType = image.jpeg; path = bricks2_disp.jpg; sourceTree = "<group>"; };
		E84D8718221853F30081B328 /* brickwall.jpg */ = {isa = PBXFileReference; lastKnownFileType = image.jpeg; path = brickwall.jpg; sourceTree = "<group>"; };
		E84D8719221853F30081B328 /* toy_box_normal.png */ = {isa = PBXFileReference; lastKnownFileType = image.png; path = toy_box_normal.png; sourceTree = "<group>"; };
		E84D871A221853F30081B328 /* wood.png */ = {isa = PBXFileReference; lastKnownFileType = image.png; path = wood.png; sourceTree = "<group>"; };
		E84D871B221853F30081B328 /* matrix.jpg */ = {isa = PBXFileReference; lastKnownFileType = image.jpeg; path = matrix.jpg; sourceTree = "<group>"; };
		E84D871C221853F30081B328 /* brickwall_normal.jpg */ = {isa = PBXFileReference; lastKnownFileType = image.jpeg; path = brickwall_normal.jpg; sourceTree = "<group>"; };
		E84D871D221853F30081B328 /* bricks2_normal.jpg */ = {isa = PBXFileReference; lastKnownFileType = image.jpeg; path = bricks2_normal.jpg; sourceTree = "<group>"; };
		E84D871E221853F30081B328 /* grass.png */ = {isa = PBXFileReference; lastKnownFileType = image.png; path = grass.png; sourceTree = "<group>"; };
		E84D871F221853F30081B328 /* container2.png */ = {isa = PBXFileReference; lastKnownFileType = image.png; path = container2.png; sourceTree = "<group>"; };
		E84D8720221853F30081B328 /* window.png */ = {isa = PBXFileReference; lastKnownFileType = image.png; path = window.png; sourceTree = "<group>"; };
		E84D8721221853F30081B328 /* awesomeface.png */ = {isa = PBXFileReference; lastKnownFileType = image.png; path = awesomeface.png; sourceTree = "<group>"; };
		E84D8723221853F30081B328 /* bottom.jpg */ = {isa = PBXFileReference; lastKnownFileType = image.jpeg; path = bottom.jpg; sourceTree = "<group>"; };
		E84D8724221853F30081B328 /* left.jpg */ = {isa = PBXFileReference; lastKnownFileType = image.jpeg; path = left.jpg; sourceTree = "<group>"; };
		E84D8725221853F30081B328 /* top.jpg */ = {isa = PBXFileReference; lastKnownFileType = image.jpeg; path = top.jpg; sourceTree = "<group>"; };
		E84D8726221853F30081B328 /* back.jpg */ = {isa = PBXFileReference; lastKnownFileType = image.jpeg; path = back.jpg; sourceTree = "<group>"; };
		E84D8727221853F30081B328 /* right.jpg */ = {isa = PBXFileReference; lastKnownFileType = image.jpeg; path = right.jpg; sourceTree = "<group>"; };
		E84D8728221853F30081B328 /* front.jpg */ = {isa = PBXFileReference; lastKnownFileType = image.jpeg; path = front.jpg; sourceTree = "<group>"; };
		E84D8729221853F30081B328 /* bricks2.jpg */ = {isa = PBXFileReference; lastKnownFileType = image.jpeg; path = bricks2.jpg; sourceTree = "<group>"; };
		E84D872A221853F30081B328 /* marble.jpg */ = {isa = PBXFileReference; lastKnownFileType = image.jpeg; path = marble.jpg; sourceTree = "<group>"; };
		E84D872B221853F30081B328 /* toy_box_diffuse.png */ = {isa = PBXFileReference; lastKnownFileType = image.png; path = toy_box_diffuse.png; sourceTree = "<group>"; };
		E84D872E221853F30081B328 /* albedo.png */ = {isa = PBXFileReference; lastKnownFileType = image.png; path = albedo.png; sourceTree = "<group>"; };
		E84D872F221853F30081B328 /* metallic.png */ = {isa = PBXFileReference; lastKnownFileType = image.png; path = metallic.png; sourceTree = "<group>"; };
		E84D8730221853F30081B328 /* normal.png */ = {isa = PBXFileReference; lastKnownFileType = image.png; path = normal.png; sourceTree = "<group>"; };
		E84D8731221853F30081B328 /* ao.png */ = {isa = PBXFileReference; lastKnownFileType = image.png; path = ao.png; sourceTree = "<group>"; };
		E84D8732221853F30081B328 /* roughness.png */ = {isa = PBXFileReference; lastKnownFileType = image.png; path = roughness.png; sourceTree = "<group>"; };
		E84D8734221853F30081B328 /* albedo.png */ = {isa = PBXFileReference; lastKnownFileType = image.png; path = albedo.png; sourceTree = "<group>"; };
		E84D8735221853F30081B328 /* metallic.png */ = {isa = PBXFileReference; lastKnownFileType = image.png; path = metallic.png; sourceTree = "<group>"; };
		E84D8736221853F30081B328 /* normal.png */ = {isa = PBXFileReference; lastKnownFileType = image.png; path = normal.png; sourceTree = "<group>"; };
		E84D8737221853F30081B328 /* ao.png */ = {isa = PBXFileReference; lastKnownFileType = image.png; path = ao.png; sourceTree = "<group>"; };
		E84D8738221853F30081B328 /* roughness.png */ = {isa = PBXFileReference; lastKnownFileType = image.png; path = roughness.png; sourceTree = "<group>"; };
		E84D873A221853F30081B328 /* albedo.png */ = {isa = PBXFileReference; lastKnownFileType = image.png; path = albedo.png; sourceTree = "<group>"; };
		E84D873B221853F30081B328 /* metallic.png */ = {isa = PBXFileReference; lastKnownFileType = image.png; path = metallic.png; sourceTree = "<group>"; };
		E84D873C221853F30081B328 /* normal.png */ = {isa = PBXFileReference; lastKnownFileType = image.png; path = normal.png; sourceTree = "<group>"; };
		E84D873D221853F30081B328 /* ao.png */ = {isa = PBXFileReference; lastKnownFileType = image.png; path = ao.png; sourceTree = "<group>"; };
		E84D873E221853F30081B328 /* roughness.png */ = {isa = PBXFileReference; lastKnownFileType = image.png; path = roughness.png; sourceTree = "<group>"; };
		E84D8740221853F30081B328 /* albedo.png */ = {isa = PBXFileReference; lastKnownFileType = image.png; path = albedo.png; sourceTree = "<group>"; };
		E84D8741221853F30081B328 /* metallic.png */ = {isa = PBXFileReference; lastKnownFileType = image.png; path = metallic.png; sourceTree = "<group>"; };
		E84D8742221853F30081B328 /* normal.png */ = {isa = PBXFileReference; lastKnownFileType = image.png; path = normal.png; sourceTree = "<group>"; };
		E84D8743221853F30081B328 /* ao.png */ = {isa = PBXFileReference; lastKnownFileType = image.png; path = ao.png; sourceTree = "<group>"; };
		E84D8744221853F30081B328 /* roughness.png */ = {isa = PBXFileReference; lastKnownFileType = image.png; path = roughness.png; sourceTree = "<group>"; };
		E84D8746221853F30081B328 /* albedo.png */ = {isa = PBXFileReference; lastKnownFileType = image.png; path = albedo.png; sourceTree = "<group>"; };
		E84D8747221853F30081B328 /* metallic.png */ = {isa = PBXFileReference; lastKnownFileType = image.png; path = metallic.png; sourceTree = "<group>"; };
		E84D8748221853F30081B328 /* normal.png */ = {isa = PBXFileReference; lastKnownFileType = image.png; path = normal.png; sourceTree = "<group>"; };
		E84D8749221853F30081B328 /* ao.png */ = {isa = PBXFileReference; lastKnownFileType = image.png; path = ao.png; sourceTree = "<group>"; };
		E84D874A221853F30081B328 /* roughness.png */ = {isa = PBXFileReference; lastKnownFileType = image.png; path = roughness.png; sourceTree = "<group>"; };
		E84D874D221853F30081B328 /* hand_showroom_refl.png */ = {isa = PBXFileReference; lastKnownFileType = image.png; path = hand_showroom_refl.png; sourceTree = "<group>"; };
		E84D874E221853F30081B328 /* body_showroom_ddn.png */ = {isa = PBXFileReference; lastKnownFileType = image.png; path = body_showroom_ddn.png; sourceTree = "<group>"; };
		E84D874F221853F30081B328 /* helmet_showroom_ddn.png */ = {isa = PBXFileReference; lastKnownFileType = image.png; path = helmet_showroom_ddn.png; sourceTree = "<group>"; };
		E84D8750221853F30081B328 /* arm_showroom_ddn.png */ = {isa = PBXFileReference; lastKnownFileType = image.png; path = arm_showroom_ddn.png; sourceTree = "<group>"; };
		E84D8751221853F30081B328 /* arm_showroom_spec.png */ = {isa = PBXFileReference; lastKnownFileType = image.png; path = arm_showroom_spec.png; sourceTree = "<group>"; };
		E84D8752221853F30081B328 /* leg_dif.png */ = {isa = PBXFileReference; lastKnownFileType = image.png; path = leg_dif.png; sourceTree = "<group>"; };
		E84D8753221853F30081B328 /* arm_showroom_refl.png */ = {isa = PBXFileReference; lastKnownFileType = image.png; path = arm_showroom_refl.png; sourceTree = "<group>"; };
		E84D8754221853F30081B328 /* cell_body_alpha.png */ = {isa = PBXFileReference; lastKnownFileType = image.png; path = cell_body_alpha.png; sourceTree = "<group>"; };
		E84D8755221853F30081B328 /* hand_showroom_spec.png */ = {isa = PBXFileReference; lastKnownFileType = image.png; path = hand_showroom_spec.png; sourceTree = "<group>"; };
		E84D8756221853F30081B328 /* glass_ddn.png */ = {isa = PBXFileReference; lastKnownFileType = image.png; path = glass_ddn.png; sourceTree = "<group>"; };
		E84D8757221853F30081B328 /* glass_refl.png */ = {isa = PBXFileReference; lastKnownFileType = image.png; path = glass_refl.png; sourceTree = "<group>"; };
		E84D8758221853F30081B328 /* cell_hand_alpha.png */ = {isa = PBXFileReference; lastKnownFileType = image.png; path = cell_hand_alpha.png; sourceTree = "<group>"; };
		E84D8759221853F30081B328 /* nanosuit.mtl */ = {isa = PBXFileReference; fileEncoding = 4; lastKnownFileType = text; path = nanosuit.mtl; sourceTree = "<group>"; };
		E84D875A221853F30081B328 /* body_dif.png */ = {isa = PBXFileReference; lastKnownFileType = image.png; path = body_dif.png; sourceTree = "<group>"; };
		E84D875B221853F30081B328 /* hand_showroom_ddn.png */ = {isa = PBXFileReference; lastKnownFileType = image.png; path = hand_showroom_ddn.png; sourceTree = "<group>"; };
		E84D875C221853F30081B328 /* body_showroom_refl.png */ = {isa = PBXFileReference; lastKnownFileType = image.png; path = body_showroom_refl.png; sourceTree = "<group>"; };
		E84D875D221853F30081B328 /* glass_dif.png */ = {isa = PBXFileReference; lastKnownFileType = image.png; path = glass_dif.png; sourceTree = "<group>"; };
		E84D875E221853F30081B328 /* arm_dif.png */ = {isa = PBXFileReference; lastKnownFileType = image.png; path = arm_dif.png; sourceTree = "<group>"; };
		E84D875F221853F30081B328 /* cell_leg_alpha.png */ = {isa = PBXFileReference; lastKnownFileType = image.png; path = cell_leg_alpha.png; sourceTree = "<group>"; };
		E84D8760221853F30081B328 /* helmet_diff.png */ = {isa = PBXFileReference; lastKnownFileType = image.png; path = helmet_diff.png; sourceTree = "<group>"; };
		E84D8761221853F30081B328 /* nanosuit.obj */ = {isa = PBXFileReference; fileEncoding = 4; lastKnownFileType = text; path = nanosuit.obj; sourceTree = "<group>"; };
		E84D8762221853F30081B328 /* leg_showroom_refl.png */ = {isa = PBXFileReference; lastKnownFileType = image.png; path = leg_showroom_refl.png; sourceTree = "<group>"; };
		E84D8763221853F30081B328 /* cell_helmet_alpha.png */ = {isa = PBXFileReference; lastKnownFileType = image.png; path = cell_helmet_alpha.png; sourceTree = "<group>"; };
		E84D8764221853F30081B328 /* leg_showroom_ddn.png */ = {isa = PBXFileReference; lastKnownFileType = image.png; path = leg_showroom_ddn.png; sourceTree = "<group>"; };
		E84D8765221853F30081B328 /* helmet_showroom_refl.png */ = {isa = PBXFileReference; lastKnownFileType = image.png; path = helmet_showroom_refl.png; sourceTree = "<group>"; };
		E84D8766221853F30081B328 /* cell_arm_alpha.png */ = {isa = PBXFileReference; lastKnownFileType = image.png; path = cell_arm_alpha.png; sourceTree = "<group>"; };
		E84D8767221853F30081B328 /* helmet_showroom_spec.png */ = {isa = PBXFileReference; lastKnownFileType = image.png; path = helmet_showroom_spec.png; sourceTree = "<group>"; };
		E84D8768221853F30081B328 /* leg_showroom_spec.png */ = {isa = PBXFileReference; lastKnownFileType = image.png; path = leg_showroom_spec.png; sourceTree = "<group>"; };
		E84D8769221853F30081B328 /* cell_ddn.png */ = {isa = PBXFileReference; lastKnownFileType = image.png; path = cell_ddn.png; sourceTree = "<group>"; };
		E84D876A221853F30081B328 /* body_showroom_spec.png */ = {isa = PBXFileReference; lastKnownFileType = image.png; path = body_showroom_spec.png; sourceTree = "<group>"; };
		E84D876B221853F30081B328 /* back.jpg */ = {isa = PBXFileReference; lastKnownFileType = image.jpeg; path = back.jpg; sourceTree = "<group>"; };
		E84D876C221853F30081B328 /* front.jpg */ = {isa = PBXFileReference; lastKnownFileType = image.jpeg; path = front.jpg; sourceTree = "<group>"; };
		E84D876D221853F30081B328 /* hand_dif.png */ = {isa = PBXFileReference; lastKnownFileType = image.png; path = hand_dif.png; sourceTree = "<group>"; };
		E84D876F221853F30081B328 /* planet_Quom1200.png */ = {isa = PBXFileReference; lastKnownFileType = image.png; path = planet_Quom1200.png; sourceTree = "<group>"; };
		E84D8770221853F30081B328 /* planet.obj */ = {isa = PBXFileReference; fileEncoding = 4; lastKnownFileType = text; path = planet.obj; sourceTree = "<group>"; };
		E84D8771221853F30081B328 /* planet.mtl */ = {isa = PBXFileReference; fileEncoding = 4; lastKnownFileType = text; path = planet.mtl; sourceTree = "<group>"; };
		E84D8773221853F30081B328 /* rock.obj */ = {isa = PBXFileReference; fileEncoding = 4; lastKnownFileType = text; path = rock.obj; sourceTree = "<group>"; };
		E84D8774221853F30081B328 /* rock.png */ = {isa = PBXFileReference; lastKnownFileType = image.png; path = rock.png; sourceTree = "<group>"; };
		E84D8775221853F30081B328 /* rock.mtl */ = {isa = PBXFileReference; fileEncoding = 4; lastKnownFileType = text; path = rock.mtl; sourceTree = "<group>"; };
		E84D8777221853F30081B328 /* cyborg.obj */ = {isa = PBXFileReference; fileEncoding = 4; lastKnownFileType = text; path = cyborg.obj; sourceTree = "<group>"; };
		E84D8778221853F30081B328 /* cyborg.blend1 */ = {isa = PBXFileReference; lastKnownFileType = file; path = cyborg.blend1; sourceTree = "<group>"; };
		E84D8779221853F30081B328 /* cyborg.blend */ = {isa = PBXFileReference; lastKnownFileType = file; path = cyborg.blend; sourceTree = "<group>"; };
		E84D877A221853F30081B328 /* cyborg_normal.png */ = {isa = PBXFileReference; lastKnownFileType = image.png; path = cyborg_normal.png; sourceTree = "<group>"; };
		E84D877B221853F30081B328 /* cyborg_diffuse.png */ = {isa = PBXFileReference; lastKnownFileType = image.png; path = cyborg_diffuse.png; sourceTree = "<group>"; };
		E84D877C221853F30081B328 /* cyborg_specular.png */ = {isa = PBXFileReference; lastKnownFileType = image.png; path = cyborg_specular.png; sourceTree = "<group>"; };
		E84D877D221853F30081B328 /* cyborg.mtl */ = {isa = PBXFileReference; fileEncoding = 4; lastKnownFileType = text; path = cyborg.mtl; sourceTree = "<group>"; };
		E84D877E221853F30081B328 /* LICENSE.txt */ = {isa = PBXFileReference; fileEncoding = 4; lastKnownFileType = text; path = LICENSE.txt; sourceTree = "<group>"; };
		E84D87C1222413540081B328 /* Camera.cpp */ = {isa = PBXFileReference; fileEncoding = 4; lastKnownFileType = sourcecode.cpp.cpp; path = Camera.cpp; sourceTree = "<group>"; };
		E84D87C2222413540081B328 /* Camera.hpp */ = {isa = PBXFileReference; fileEncoding = 4; lastKnownFileType = sourcecode.cpp.h; path = Camera.hpp; sourceTree = "<group>"; };
		E84D87C4222413540081B328 /* glad.c */ = {isa = PBXFileReference; fileEncoding = 4; lastKnownFileType = sourcecode.c.c; path = glad.c; sourceTree = "<group>"; };
		E84D87C6222413540081B328 /* stb_image.h */ = {isa = PBXFileReference; fileEncoding = 4; lastKnownFileType = sourcecode.c.h; path = stb_image.h; sourceTree = "<group>"; };
		E84D87C8222413540081B328 /* Texture.cpp */ = {isa = PBXFileReference; fileEncoding = 4; lastKnownFileType = sourcecode.cpp.cpp; path = Texture.cpp; sourceTree = "<group>"; };
		E84D87C9222413540081B328 /* Texture.hpp */ = {isa = PBXFileReference; fileEncoding = 4; lastKnownFileType = sourcecode.cpp.h; path = Texture.hpp; sourceTree = "<group>"; };
		E84D87CB222413540081B328 /* Shader.cpp */ = {isa = PBXFileReference; fileEncoding = 4; lastKnownFileType = sourcecode.cpp.cpp; path = Shader.cpp; sourceTree = "<group>"; };
		E84D87CC222413540081B328 /* Shader.hpp */ = {isa = PBXFileReference; fileEncoding = 4; lastKnownFileType = sourcecode.cpp.h; path = Shader.hpp; sourceTree = "<group>"; };
		E84D87CE222413540081B328 /* DirectionLight.cpp */ = {isa = PBXFileReference; fileEncoding = 4; lastKnownFileType = sourcecode.cpp.cpp; path = DirectionLight.cpp; sourceTree = "<group>"; };
		E84D87CF222413540081B328 /* DirectionLight.hpp */ = {isa = PBXFileReference; fileEncoding = 4; lastKnownFileType = sourcecode.cpp.h; path = DirectionLight.hpp; sourceTree = "<group>"; };
		E84D87D8222417F80081B328 /* PointLight.cpp */ = {isa = PBXFileReference; lastKnownFileType = sourcecode.cpp.cpp; path = PointLight.cpp; sourceTree = "<group>"; };
		E84D87D9222417F80081B328 /* PointLight.hpp */ = {isa = PBXFileReference; lastKnownFileType = sourcecode.cpp.h; path = PointLight.hpp; sourceTree = "<group>"; };
		E84D87DE22241D130081B328 /* Spotlight.cpp */ = {isa = PBXFileReference; lastKnownFileType = sourcecode.cpp.cpp; path = Spotlight.cpp; sourceTree = "<group>"; };
		E84D87DF22241D130081B328 /* Spotlight.hpp */ = {isa = PBXFileReference; lastKnownFileType = sourcecode.cpp.h; path = Spotlight.hpp; sourceTree = "<group>"; };
		E84D87E222256D4C0081B328 /* Mesh.cpp */ = {isa = PBXFileReference; lastKnownFileType = sourcecode.cpp.cpp; path = Mesh.cpp; sourceTree = "<group>"; };
		E84D87E322256D4C0081B328 /* Mesh.hpp */ = {isa = PBXFileReference; lastKnownFileType = sourcecode.cpp.h; path = Mesh.hpp; sourceTree = "<group>"; };
		E84D87E9222594700081B328 /* libassimp.4.1.0.dylib */ = {isa = PBXFileReference; lastKnownFileType = "compiled.mach-o.dylib"; name = libassimp.4.1.0.dylib; path = ../../../../../usr/local/lib/libassimp.4.1.0.dylib; sourceTree = "<group>"; };
		E84D87EC2225B8CE0081B328 /* Model.hpp */ = {isa = PBXFileReference; fileEncoding = 4; lastKnownFileType = sourcecode.cpp.h; path = Model.hpp; sourceTree = "<group>"; };
		E84D87ED2225B8CE0081B328 /* Model.cpp */ = {isa = PBXFileReference; fileEncoding = 4; lastKnownFileType = sourcecode.cpp.cpp; path = Model.cpp; sourceTree = "<group>"; };
		E87F4CE321AD772F00402370 /* OpenGL */ = {isa = PBXFileReference; explicitFileType = "compiled.mach-o.executable"; includeInIndex = 0; path = OpenGL; sourceTree = BUILT_PRODUCTS_DIR; };
		E87F4D2921AD7F6D00402370 /* Cocoa.framework */ = {isa = PBXFileReference; lastKnownFileType = wrapper.framework; name = Cocoa.framework; path = System/Library/Frameworks/Cocoa.framework; sourceTree = SDKROOT; };
		E87F4D2B21AD7F7400402370 /* OpenGL.framework */ = {isa = PBXFileReference; lastKnownFileType = wrapper.framework; name = OpenGL.framework; path = System/Library/Frameworks/OpenGL.framework; sourceTree = SDKROOT; };
		E87F4D2D21AD7F7A00402370 /* GLUT.framework */ = {isa = PBXFileReference; lastKnownFileType = wrapper.framework; name = GLUT.framework; path = System/Library/Frameworks/GLUT.framework; sourceTree = SDKROOT; };
		E87F4D2F21AD7F8100402370 /* CoreVideo.framework */ = {isa = PBXFileReference; lastKnownFileType = wrapper.framework; name = CoreVideo.framework; path = System/Library/Frameworks/CoreVideo.framework; sourceTree = SDKROOT; };
		E87F4D3121AD7F8800402370 /* IOKit.framework */ = {isa = PBXFileReference; lastKnownFileType = wrapper.framework; name = IOKit.framework; path = System/Library/Frameworks/IOKit.framework; sourceTree = SDKROOT; };
		E89BB47C2226DF63005F6DDF /* scene.gltf */ = {isa = PBXFileReference; fileEncoding = 4; lastKnownFileType = text; path = scene.gltf; sourceTree = "<group>"; };
		E89BB47D2226DF63005F6DDF /* scene.bin */ = {isa = PBXFileReference; lastKnownFileType = archive.macbinary; path = scene.bin; sourceTree = "<group>"; };
		E89BB47E2226DFCB005F6DDF /* Jronn_PreviewSphere.fbx */ = {isa = PBXFileReference; lastKnownFileType = file; path = Jronn_PreviewSphere.fbx; sourceTree = "<group>"; };
		E89BB4812226E104005F6DDF /* Material3_emissive.jpeg */ = {isa = PBXFileReference; lastKnownFileType = image.jpeg; path = Material3_emissive.jpeg; sourceTree = "<group>"; };
		E89BB4822226E104005F6DDF /* Material1_baseColor.jpeg */ = {isa = PBXFileReference; lastKnownFileType = image.jpeg; path = Material1_baseColor.jpeg; sourceTree = "<group>"; };
		E89BB4832226E104005F6DDF /* Material3_baseColor.jpeg */ = {isa = PBXFileReference; lastKnownFileType = image.jpeg; path = Material3_baseColor.jpeg; sourceTree = "<group>"; };
		E89BB4842226E104005F6DDF /* Material2_baseColor.jpeg */ = {isa = PBXFileReference; lastKnownFileType = image.jpeg; path = Material2_baseColor.jpeg; sourceTree = "<group>"; };
		E89BB4852226E104005F6DDF /* Material1_emissive.jpeg */ = {isa = PBXFileReference; lastKnownFileType = image.jpeg; path = Material1_emissive.jpeg; sourceTree = "<group>"; };
		E89BB4862226E104005F6DDF /* Material2_emissive.jpeg */ = {isa = PBXFileReference; lastKnownFileType = image.jpeg; path = Material2_emissive.jpeg; sourceTree = "<group>"; };
		E89BB4872226E104005F6DDF /* scene.gltf */ = {isa = PBXFileReference; fileEncoding = 4; lastKnownFileType = text; path = scene.gltf; sourceTree = "<group>"; };
		E89BB4882226E104005F6DDF /* scene.bin */ = {isa = PBXFileReference; lastKnownFileType = archive.macbinary; path = scene.bin; sourceTree = "<group>"; };
		E89BB48A2226E431005F6DDF /* scene.gltf */ = {isa = PBXFileReference; lastKnownFileType = text; path = scene.gltf; sourceTree = "<group>"; };
		E89BB48B2226E431005F6DDF /* scene.bin */ = {isa = PBXFileReference; lastKnownFileType = archive.macbinary; path = scene.bin; sourceTree = "<group>"; };
		E89BB48C222D7F16005F6DDF /* depth.fs */ = {isa = PBXFileReference; fileEncoding = 4; lastKnownFileType = sourcecode.glsl; path = depth.fs; sourceTree = "<group>"; };
		E89BB48D222D7F16005F6DDF /* depth.vs */ = {isa = PBXFileReference; fileEncoding = 4; lastKnownFileType = sourcecode.glsl; path = depth.vs; sourceTree = "<group>"; };
		E89BB48E222EAF56005F6DDF /* shaderSingleColor.fs */ = {isa = PBXFileReference; fileEncoding = 4; lastKnownFileType = sourcecode.glsl; path = shaderSingleColor.fs; sourceTree = "<group>"; };
		E8A80E7F21F0D25B00F4C528 /* 4.FaceCulling.mm */ = {isa = PBXFileReference; fileEncoding = 4; lastKnownFileType = sourcecode.cpp.objcpp; path = 4.FaceCulling.mm; sourceTree = "<group>"; };
/* End PBXFileReference section */

/* Begin PBXFrameworksBuildPhase section */
		E87F4CE021AD772F00402370 /* Frameworks */ = {
			isa = PBXFrameworksBuildPhase;
			buildActionMask = 2147483647;
			files = (
				E84D87EA222594710081B328 /* libassimp.4.1.0.dylib in Frameworks */,
				E84D86BE2215C7240081B328 /* libglfw3.a in Frameworks */,
				E87F4D2E21AD7F7A00402370 /* GLUT.framework in Frameworks */,
				E87F4D3221AD7F8800402370 /* IOKit.framework in Frameworks */,
				E87F4D3021AD7F8100402370 /* CoreVideo.framework in Frameworks */,
				E87F4D2C21AD7F7400402370 /* OpenGL.framework in Frameworks */,
				E87F4D2A21AD7F6D00402370 /* Cocoa.framework in Frameworks */,
			);
			runOnlyForDeploymentPostprocessing = 0;
		};
/* End PBXFrameworksBuildPhase section */

/* Begin PBXGroup section */
		E84D8709221853F30081B328 /* Shaders */ = {
			isa = PBXGroup;
			children = (
				E84D870A221853F30081B328 /* light.vs */,
				E84D870D221853F30081B328 /* light.fs */,
				E89BB48E222EAF56005F6DDF /* shaderSingleColor.fs */,
				E89BB48C222D7F16005F6DDF /* depth.fs */,
				E89BB48D222D7F16005F6DDF /* depth.vs */,
				E84D870B221853F30081B328 /* shader.vs */,
				E84D870C221853F30081B328 /* shader.fs */,
			);
			path = Shaders;
			sourceTree = "<group>";
		};
		E84D870E221853F30081B328 /* Resources */ = {
			isa = PBXGroup;
			children = (
				E84D870F221853F30081B328 /* textures */,
				E84D874B221853F30081B328 /* objects */,
			);
			path = Resources;
			sourceTree = "<group>";
		};
		E84D870F221853F30081B328 /* textures */ = {
			isa = PBXGroup;
			children = (
				E84D8710221853F30081B328 /* container.jpg */,
				E84D8711221853F30081B328 /* metal.png */,
				E84D8712221853F30081B328 /* toy_box_disp.png */,
				E84D8713221853F30081B328 /* container2_specular.png */,
				E84D8714221853F30081B328 /* lighting_maps_specular_color.png */,
				E84D8715221853F30081B328 /* hdr */,
				E84D8717221853F30081B328 /* bricks2_disp.jpg */,
				E84D8718221853F30081B328 /* brickwall.jpg */,
				E84D8719221853F30081B328 /* toy_box_normal.png */,
				E84D871A221853F30081B328 /* wood.png */,
				E84D871B221853F30081B328 /* matrix.jpg */,
				E84D871C221853F30081B328 /* brickwall_normal.jpg */,
				E84D871D221853F30081B328 /* bricks2_normal.jpg */,
				E84D871E221853F30081B328 /* grass.png */,
				E84D871F221853F30081B328 /* container2.png */,
				E84D8720221853F30081B328 /* window.png */,
				E84D8721221853F30081B328 /* awesomeface.png */,
				E84D8722221853F30081B328 /* skybox */,
				E84D8729221853F30081B328 /* bricks2.jpg */,
				E84D872A221853F30081B328 /* marble.jpg */,
				E84D872B221853F30081B328 /* toy_box_diffuse.png */,
				E84D872C221853F30081B328 /* pbr */,
			);
			path = textures;
			sourceTree = "<group>";
		};
		E84D8715221853F30081B328 /* hdr */ = {
			isa = PBXGroup;
			children = (
				E84D8716221853F30081B328 /* newport_loft.hdr */,
			);
			path = hdr;
			sourceTree = "<group>";
		};
		E84D8722221853F30081B328 /* skybox */ = {
			isa = PBXGroup;
			children = (
				E84D8723221853F30081B328 /* bottom.jpg */,
				E84D8724221853F30081B328 /* left.jpg */,
				E84D8725221853F30081B328 /* top.jpg */,
				E84D8726221853F30081B328 /* back.jpg */,
				E84D8727221853F30081B328 /* right.jpg */,
				E84D8728221853F30081B328 /* front.jpg */,
			);
			path = skybox;
			sourceTree = "<group>";
		};
		E84D872C221853F30081B328 /* pbr */ = {
			isa = PBXGroup;
			children = (
				E84D872D221853F30081B328 /* wall */,
				E84D8733221853F30081B328 /* rusted_iron */,
				E84D8739221853F30081B328 /* grass */,
				E84D873F221853F30081B328 /* gold */,
				E84D8745221853F30081B328 /* plastic */,
			);
			path = pbr;
			sourceTree = "<group>";
		};
		E84D872D221853F30081B328 /* wall */ = {
			isa = PBXGroup;
			children = (
				E84D872E221853F30081B328 /* albedo.png */,
				E84D872F221853F30081B328 /* metallic.png */,
				E84D8730221853F30081B328 /* normal.png */,
				E84D8731221853F30081B328 /* ao.png */,
				E84D8732221853F30081B328 /* roughness.png */,
			);
			path = wall;
			sourceTree = "<group>";
		};
		E84D8733221853F30081B328 /* rusted_iron */ = {
			isa = PBXGroup;
			children = (
				E84D8734221853F30081B328 /* albedo.png */,
				E84D8735221853F30081B328 /* metallic.png */,
				E84D8736221853F30081B328 /* normal.png */,
				E84D8737221853F30081B328 /* ao.png */,
				E84D8738221853F30081B328 /* roughness.png */,
			);
			path = rusted_iron;
			sourceTree = "<group>";
		};
		E84D8739221853F30081B328 /* grass */ = {
			isa = PBXGroup;
			children = (
				E84D873A221853F30081B328 /* albedo.png */,
				E84D873B221853F30081B328 /* metallic.png */,
				E84D873C221853F30081B328 /* normal.png */,
				E84D873D221853F30081B328 /* ao.png */,
				E84D873E221853F30081B328 /* roughness.png */,
			);
			path = grass;
			sourceTree = "<group>";
		};
		E84D873F221853F30081B328 /* gold */ = {
			isa = PBXGroup;
			children = (
				E84D8740221853F30081B328 /* albedo.png */,
				E84D8741221853F30081B328 /* metallic.png */,
				E84D8742221853F30081B328 /* normal.png */,
				E84D8743221853F30081B328 /* ao.png */,
				E84D8744221853F30081B328 /* roughness.png */,
			);
			path = gold;
			sourceTree = "<group>";
		};
		E84D8745221853F30081B328 /* plastic */ = {
			isa = PBXGroup;
			children = (
				E84D8746221853F30081B328 /* albedo.png */,
				E84D8747221853F30081B328 /* metallic.png */,
				E84D8748221853F30081B328 /* normal.png */,
				E84D8749221853F30081B328 /* ao.png */,
				E84D874A221853F30081B328 /* roughness.png */,
			);
			path = plastic;
			sourceTree = "<group>";
		};
		E84D874B221853F30081B328 /* objects */ = {
			isa = PBXGroup;
			children = (
				E89BB4892226E431005F6DDF /* beautiful_medusa */,
				E89BB47F2226E104005F6DDF /* deadpool */,
				E89BB47B2226DF63005F6DDF /* tiamat */,
				E84D874C221853F30081B328 /* nanosuit */,
				E84D876E221853F30081B328 /* planet */,
				E84D8772221853F30081B328 /* rock */,
				E84D8776221853F30081B328 /* cyborg */,
			);
			path = objects;
			sourceTree = "<group>";
		};
		E84D874C221853F30081B328 /* nanosuit */ = {
			isa = PBXGroup;
			children = (
				E84D874D221853F30081B328 /* hand_showroom_refl.png */,
				E84D874E221853F30081B328 /* body_showroom_ddn.png */,
				E84D874F221853F30081B328 /* helmet_showroom_ddn.png */,
				E84D8750221853F30081B328 /* arm_showroom_ddn.png */,
				E84D8751221853F30081B328 /* arm_showroom_spec.png */,
				E84D8752221853F30081B328 /* leg_dif.png */,
				E84D8753221853F30081B328 /* arm_showroom_refl.png */,
				E84D8754221853F30081B328 /* cell_body_alpha.png */,
				E84D8755221853F30081B328 /* hand_showroom_spec.png */,
				E84D8756221853F30081B328 /* glass_ddn.png */,
				E84D8757221853F30081B328 /* glass_refl.png */,
				E84D8758221853F30081B328 /* cell_hand_alpha.png */,
				E84D8759221853F30081B328 /* nanosuit.mtl */,
				E84D875A221853F30081B328 /* body_dif.png */,
				E84D875B221853F30081B328 /* hand_showroom_ddn.png */,
				E84D875C221853F30081B328 /* body_showroom_refl.png */,
				E84D875D221853F30081B328 /* glass_dif.png */,
				E84D875E221853F30081B328 /* arm_dif.png */,
				E84D875F221853F30081B328 /* cell_leg_alpha.png */,
				E84D8760221853F30081B328 /* helmet_diff.png */,
				E84D8761221853F30081B328 /* nanosuit.obj */,
				E84D8762221853F30081B328 /* leg_showroom_refl.png */,
				E84D8763221853F30081B328 /* cell_helmet_alpha.png */,
				E84D8764221853F30081B328 /* leg_showroom_ddn.png */,
				E84D8765221853F30081B328 /* helmet_showroom_refl.png */,
				E84D8766221853F30081B328 /* cell_arm_alpha.png */,
				E84D8767221853F30081B328 /* helmet_showroom_spec.png */,
				E84D8768221853F30081B328 /* leg_showroom_spec.png */,
				E84D8769221853F30081B328 /* cell_ddn.png */,
				E84D876A221853F30081B328 /* body_showroom_spec.png */,
				E84D876B221853F30081B328 /* back.jpg */,
				E84D876C221853F30081B328 /* front.jpg */,
				E84D876D221853F30081B328 /* hand_dif.png */,
			);
			path = nanosuit;
			sourceTree = "<group>";
		};
		E84D876E221853F30081B328 /* planet */ = {
			isa = PBXGroup;
			children = (
				E84D876F221853F30081B328 /* planet_Quom1200.png */,
				E84D8770221853F30081B328 /* planet.obj */,
				E84D8771221853F30081B328 /* planet.mtl */,
			);
			path = planet;
			sourceTree = "<group>";
		};
		E84D8772221853F30081B328 /* rock */ = {
			isa = PBXGroup;
			children = (
				E84D8773221853F30081B328 /* rock.obj */,
				E84D8774221853F30081B328 /* rock.png */,
				E84D8775221853F30081B328 /* rock.mtl */,
			);
			path = rock;
			sourceTree = "<group>";
		};
		E84D8776221853F30081B328 /* cyborg */ = {
			isa = PBXGroup;
			children = (
				E84D8777221853F30081B328 /* cyborg.obj */,
				E84D8778221853F30081B328 /* cyborg.blend1 */,
				E84D8779221853F30081B328 /* cyborg.blend */,
				E84D877A221853F30081B328 /* cyborg_normal.png */,
				E84D877B221853F30081B328 /* cyborg_diffuse.png */,
				E84D877C221853F30081B328 /* cyborg_specular.png */,
				E84D877D221853F30081B328 /* cyborg.mtl */,
				E84D877E221853F30081B328 /* LICENSE.txt */,
			);
			path = cyborg;
			sourceTree = "<group>";
		};
		E84D87BF222413540081B328 /* Common */ = {
			isa = PBXGroup;
			children = (
				E84D87EB2225B8CE0081B328 /* Model */,
				E84D87E122256D3E0081B328 /* Mesh */,
				E84D87C0222413540081B328 /* Camera */,
				E84D87C3222413540081B328 /* Glad */,
				E84D87C5222413540081B328 /* StbImage */,
				E84D87C7222413540081B328 /* Texture */,
				E84D87CA222413540081B328 /* Shader */,
				E84D87CD222413540081B328 /* Lighting */,
			);
			path = Common;
			sourceTree = "<group>";
		};
		E84D87C0222413540081B328 /* Camera */ = {
			isa = PBXGroup;
			children = (
				E84D87C1222413540081B328 /* Camera.cpp */,
				E84D87C2222413540081B328 /* Camera.hpp */,
			);
			path = Camera;
			sourceTree = "<group>";
		};
		E84D87C3222413540081B328 /* Glad */ = {
			isa = PBXGroup;
			children = (
				E84D87C4222413540081B328 /* glad.c */,
			);
			path = Glad;
			sourceTree = "<group>";
		};
		E84D87C5222413540081B328 /* StbImage */ = {
			isa = PBXGroup;
			children = (
				E84D87C6222413540081B328 /* stb_image.h */,
			);
			path = StbImage;
			sourceTree = "<group>";
		};
		E84D87C7222413540081B328 /* Texture */ = {
			isa = PBXGroup;
			children = (
				E84D87C8222413540081B328 /* Texture.cpp */,
				E84D87C9222413540081B328 /* Texture.hpp */,
			);
			path = Texture;
			sourceTree = "<group>";
		};
		E84D87CA222413540081B328 /* Shader */ = {
			isa = PBXGroup;
			children = (
				E84D87CB222413540081B328 /* Shader.cpp */,
				E84D87CC222413540081B328 /* Shader.hpp */,
			);
			path = Shader;
			sourceTree = "<group>";
		};
		E84D87CD222413540081B328 /* Lighting */ = {
			isa = PBXGroup;
			children = (
				E84D87CE222413540081B328 /* DirectionLight.cpp */,
				E84D87CF222413540081B328 /* DirectionLight.hpp */,
				E84D87D8222417F80081B328 /* PointLight.cpp */,
				E84D87D9222417F80081B328 /* PointLight.hpp */,
				E84D87DE22241D130081B328 /* Spotlight.cpp */,
				E84D87DF22241D130081B328 /* Spotlight.hpp */,
			);
			path = Lighting;
			sourceTree = "<group>";
		};
		E84D87E122256D3E0081B328 /* Mesh */ = {
			isa = PBXGroup;
			children = (
				E84D87E222256D4C0081B328 /* Mesh.cpp */,
				E84D87E322256D4C0081B328 /* Mesh.hpp */,
			);
			path = Mesh;
			sourceTree = "<group>";
		};
		E84D87EB2225B8CE0081B328 /* Model */ = {
			isa = PBXGroup;
			children = (
				E84D87EC2225B8CE0081B328 /* Model.hpp */,
				E84D87ED2225B8CE0081B328 /* Model.cpp */,
			);
			path = Model;
			sourceTree = "<group>";
		};
		E87F4CDA21AD772F00402370 = {
			isa = PBXGroup;
			children = (
				E87F4CE521AD772F00402370 /* OpenGL */,
				E87F4CE421AD772F00402370 /* Products */,
				E87F4D0E21AD77E100402370 /* Frameworks */,
			);
			sourceTree = "<group>";
		};
		E87F4CE421AD772F00402370 /* Products */ = {
			isa = PBXGroup;
			children = (
				E87F4CE321AD772F00402370 /* OpenGL */,
			);
			name = Products;
			sourceTree = "<group>";
		};
		E87F4CE521AD772F00402370 /* OpenGL */ = {
			isa = PBXGroup;
			children = (
				E8A80E7F21F0D25B00F4C528 /* 4.FaceCulling.mm */,
				E84D87BF222413540081B328 /* Common */,
				E84D870E221853F30081B328 /* Resources */,
				E84D8709221853F30081B328 /* Shaders */,
			);
			path = OpenGL;
			sourceTree = "<group>";
		};
		E87F4D0E21AD77E100402370 /* Frameworks */ = {
			isa = PBXGroup;
			children = (
				E84D87E9222594700081B328 /* libassimp.4.1.0.dylib */,
				E84D86BD2215C7240081B328 /* libglfw3.a */,
				E87F4D3121AD7F8800402370 /* IOKit.framework */,
				E87F4D2F21AD7F8100402370 /* CoreVideo.framework */,
				E87F4D2D21AD7F7A00402370 /* GLUT.framework */,
				E87F4D2B21AD7F7400402370 /* OpenGL.framework */,
				E87F4D2921AD7F6D00402370 /* Cocoa.framework */,
			);
			name = Frameworks;
			sourceTree = "<group>";
		};
		E89BB47B2226DF63005F6DDF /* tiamat */ = {
			isa = PBXGroup;
			children = (
				E89BB47E2226DFCB005F6DDF /* Jronn_PreviewSphere.fbx */,
				E89BB47C2226DF63005F6DDF /* scene.gltf */,
				E89BB47D2226DF63005F6DDF /* scene.bin */,
			);
			path = tiamat;
			sourceTree = "<group>";
		};
		E89BB47F2226E104005F6DDF /* deadpool */ = {
			isa = PBXGroup;
			children = (
				E89BB4802226E104005F6DDF /* textures */,
				E89BB4872226E104005F6DDF /* scene.gltf */,
				E89BB4882226E104005F6DDF /* scene.bin */,
			);
			path = deadpool;
			sourceTree = "<group>";
		};
		E89BB4802226E104005F6DDF /* textures */ = {
			isa = PBXGroup;
			children = (
				E89BB4812226E104005F6DDF /* Material3_emissive.jpeg */,
				E89BB4822226E104005F6DDF /* Material1_baseColor.jpeg */,
				E89BB4832226E104005F6DDF /* Material3_baseColor.jpeg */,
				E89BB4842226E104005F6DDF /* Material2_baseColor.jpeg */,
				E89BB4852226E104005F6DDF /* Material1_emissive.jpeg */,
				E89BB4862226E104005F6DDF /* Material2_emissive.jpeg */,
			);
			path = textures;
			sourceTree = "<group>";
		};
		E89BB4892226E431005F6DDF /* beautiful_medusa */ = {
			isa = PBXGroup;
			children = (
				E89BB48A2226E431005F6DDF /* scene.gltf */,
				E89BB48B2226E431005F6DDF /* scene.bin */,
			);
			path = beautiful_medusa;
			sourceTree = "<group>";
		};
/* End PBXGroup section */

/* Begin PBXNativeTarget section */
		E87F4CE221AD772F00402370 /* OpenGL */ = {
			isa = PBXNativeTarget;
			buildConfigurationList = E87F4CEA21AD772F00402370 /* Build configuration list for PBXNativeTarget "OpenGL" */;
			buildPhases = (
				E87F4CDF21AD772F00402370 /* Sources */,
				E87F4CE021AD772F00402370 /* Frameworks */,
				E87F4CE121AD772F00402370 /* CopyFiles */,
			);
			buildRules = (
			);
			dependencies = (
			);
			name = OpenGL;
			productName = OpenGL;
			productReference = E87F4CE321AD772F00402370 /* OpenGL */;
			productType = "com.apple.product-type.tool";
		};
/* End PBXNativeTarget section */

/* Begin PBXProject section */
		E87F4CDB21AD772F00402370 /* Project object */ = {
			isa = PBXProject;
			attributes = {
				LastUpgradeCheck = 1010;
				ORGANIZATIONNAME = wxh;
				TargetAttributes = {
					E87F4CE221AD772F00402370 = {
						CreatedOnToolsVersion = 10.1;
					};
				};
			};
			buildConfigurationList = E87F4CDE21AD772F00402370 /* Build configuration list for PBXProject "OpenGL" */;
			compatibilityVersion = "Xcode 9.3";
			developmentRegion = en;
			hasScannedForEncodings = 0;
			knownRegions = (
				en,
			);
			mainGroup = E87F4CDA21AD772F00402370;
			productRefGroup = E87F4CE421AD772F00402370 /* Products */;
			projectDirPath = "";
			projectRoot = "";
			targets = (
				E87F4CE221AD772F00402370 /* OpenGL */,
			);
		};
/* End PBXProject section */

/* Begin PBXSourcesBuildPhase section */
		E87F4CDF21AD772F00402370 /* Sources */ = {
			isa = PBXSourcesBuildPhase;
			buildActionMask = 2147483647;
			files = (
				E84D87E422256D4D0081B328 /* Mesh.cpp in Sources */,
				E84D87D0222413540081B328 /* Camera.cpp in Sources */,
				E84D87D2222413540081B328 /* Texture.cpp in Sources */,
				E84D87D4222413540081B328 /* DirectionLight.cpp in Sources */,
				E8A80E8021F0D25B00F4C528 /* 4.FaceCulling.mm in Sources */,
				E84D87E022241D130081B328 /* Spotlight.cpp in Sources */,
				E84D87DA222417F80081B328 /* PointLight.cpp in Sources */,
				E84D87EE2225B8CE0081B328 /* Model.cpp in Sources */,
				E84D87D1222413540081B328 /* glad.c in Sources */,
				E84D87D3222413540081B328 /* Shader.cpp in Sources */,
			);
			runOnlyForDeploymentPostprocessing = 0;
		};
/* End PBXSourcesBuildPhase section */

/* Begin XCBuildConfiguration section */
		E87F4CE821AD772F00402370 /* Debug */ = {
			isa = XCBuildConfiguration;
			buildSettings = {
				ALWAYS_SEARCH_USER_PATHS = NO;
				CLANG_ANALYZER_NONNULL = YES;
				CLANG_ANALYZER_NUMBER_OBJECT_CONVERSION = YES_AGGRESSIVE;
				CLANG_CXX_LANGUAGE_STANDARD = "gnu++14";
				CLANG_CXX_LIBRARY = "libc++";
				CLANG_ENABLE_MODULES = YES;
				CLANG_ENABLE_OBJC_ARC = YES;
				CLANG_ENABLE_OBJC_WEAK = YES;
				CLANG_WARN_BLOCK_CAPTURE_AUTORELEASING = YES;
				CLANG_WARN_BOOL_CONVERSION = YES;
				CLANG_WARN_COMMA = YES;
				CLANG_WARN_CONSTANT_CONVERSION = YES;
				CLANG_WARN_DEPRECATED_OBJC_IMPLEMENTATIONS = YES;
				CLANG_WARN_DIRECT_OBJC_ISA_USAGE = YES_ERROR;
				CLANG_WARN_DOCUMENTATION_COMMENTS = YES;
				CLANG_WARN_EMPTY_BODY = YES;
				CLANG_WARN_ENUM_CONVERSION = YES;
				CLANG_WARN_INFINITE_RECURSION = YES;
				CLANG_WARN_INT_CONVERSION = YES;
				CLANG_WARN_NON_LITERAL_NULL_CONVERSION = YES;
				CLANG_WARN_OBJC_IMPLICIT_RETAIN_SELF = YES;
				CLANG_WARN_OBJC_LITERAL_CONVERSION = YES;
				CLANG_WARN_OBJC_ROOT_CLASS = YES_ERROR;
				CLANG_WARN_RANGE_LOOP_ANALYSIS = YES;
				CLANG_WARN_STRICT_PROTOTYPES = YES;
				CLANG_WARN_SUSPICIOUS_MOVE = YES;
				CLANG_WARN_UNGUARDED_AVAILABILITY = YES_AGGRESSIVE;
				CLANG_WARN_UNREACHABLE_CODE = YES;
				CLANG_WARN__DUPLICATE_METHOD_MATCH = YES;
				CODE_SIGN_IDENTITY = "Mac Developer";
				COPY_PHASE_STRIP = NO;
				DEBUG_INFORMATION_FORMAT = dwarf;
				ENABLE_STRICT_OBJC_MSGSEND = YES;
				ENABLE_TESTABILITY = YES;
				GCC_C_LANGUAGE_STANDARD = gnu11;
				GCC_DYNAMIC_NO_PIC = NO;
				GCC_NO_COMMON_BLOCKS = YES;
				GCC_OPTIMIZATION_LEVEL = 0;
				GCC_PREPROCESSOR_DEFINITIONS = (
					"DEBUG=1",
					"$(inherited)",
				);
				GCC_WARN_64_TO_32_BIT_CONVERSION = YES;
				GCC_WARN_ABOUT_RETURN_TYPE = YES_ERROR;
				GCC_WARN_UNDECLARED_SELECTOR = YES;
				GCC_WARN_UNINITIALIZED_AUTOS = YES_AGGRESSIVE;
				GCC_WARN_UNUSED_FUNCTION = YES;
				GCC_WARN_UNUSED_VARIABLE = YES;
				MACOSX_DEPLOYMENT_TARGET = 10.14;
				MTL_ENABLE_DEBUG_INFO = INCLUDE_SOURCE;
				MTL_FAST_MATH = YES;
				ONLY_ACTIVE_ARCH = YES;
				SDKROOT = macosx;
			};
			name = Debug;
		};
		E87F4CE921AD772F00402370 /* Release */ = {
			isa = XCBuildConfiguration;
			buildSettings = {
				ALWAYS_SEARCH_USER_PATHS = NO;
				CLANG_ANALYZER_NONNULL = YES;
				CLANG_ANALYZER_NUMBER_OBJECT_CONVERSION = YES_AGGRESSIVE;
				CLANG_CXX_LANGUAGE_STANDARD = "gnu++14";
				CLANG_CXX_LIBRARY = "libc++";
				CLANG_ENABLE_MODULES = YES;
				CLANG_ENABLE_OBJC_ARC = YES;
				CLANG_ENABLE_OBJC_WEAK = YES;
				CLANG_WARN_BLOCK_CAPTURE_AUTORELEASING = YES;
				CLANG_WARN_BOOL_CONVERSION = YES;
				CLANG_WARN_COMMA = YES;
				CLANG_WARN_CONSTANT_CONVERSION = YES;
				CLANG_WARN_DEPRECATED_OBJC_IMPLEMENTATIONS = YES;
				CLANG_WARN_DIRECT_OBJC_ISA_USAGE = YES_ERROR;
				CLANG_WARN_DOCUMENTATION_COMMENTS = YES;
				CLANG_WARN_EMPTY_BODY = YES;
				CLANG_WARN_ENUM_CONVERSION = YES;
				CLANG_WARN_INFINITE_RECURSION = YES;
				CLANG_WARN_INT_CONVERSION = YES;
				CLANG_WARN_NON_LITERAL_NULL_CONVERSION = YES;
				CLANG_WARN_OBJC_IMPLICIT_RETAIN_SELF = YES;
				CLANG_WARN_OBJC_LITERAL_CONVERSION = YES;
				CLANG_WARN_OBJC_ROOT_CLASS = YES_ERROR;
				CLANG_WARN_RANGE_LOOP_ANALYSIS = YES;
				CLANG_WARN_STRICT_PROTOTYPES = YES;
				CLANG_WARN_SUSPICIOUS_MOVE = YES;
				CLANG_WARN_UNGUARDED_AVAILABILITY = YES_AGGRESSIVE;
				CLANG_WARN_UNREACHABLE_CODE = YES;
				CLANG_WARN__DUPLICATE_METHOD_MATCH = YES;
				CODE_SIGN_IDENTITY = "Mac Developer";
				COPY_PHASE_STRIP = NO;
				DEBUG_INFORMATION_FORMAT = "dwarf-with-dsym";
				ENABLE_NS_ASSERTIONS = NO;
				ENABLE_STRICT_OBJC_MSGSEND = YES;
				GCC_C_LANGUAGE_STANDARD = gnu11;
				GCC_NO_COMMON_BLOCKS = YES;
				GCC_WARN_64_TO_32_BIT_CONVERSION = YES;
				GCC_WARN_ABOUT_RETURN_TYPE = YES_ERROR;
				GCC_WARN_UNDECLARED_SELECTOR = YES;
				GCC_WARN_UNINITIALIZED_AUTOS = YES_AGGRESSIVE;
				GCC_WARN_UNUSED_FUNCTION = YES;
				GCC_WARN_UNUSED_VARIABLE = YES;
				MACOSX_DEPLOYMENT_TARGET = 10.14;
				MTL_ENABLE_DEBUG_INFO = NO;
				MTL_FAST_MATH = YES;
				SDKROOT = macosx;
			};
			name = Release;
		};
		E87F4CEB21AD772F00402370 /* Debug */ = {
			isa = XCBuildConfiguration;
			buildSettings = {
				CLANG_ENABLE_MODULES = NO;
				CODE_SIGN_STYLE = Automatic;
				DEVELOPMENT_TEAM = 9U67N7DWVQ;
				HEADER_SEARCH_PATHS = (
					"#include",
					"/usr/local/include/**",
				);
				LIBRARY_SEARCH_PATHS = "/usr/local/lib/**";
				PRODUCT_NAME = "$(TARGET_NAME)";
			};
			name = Debug;
		};
		E87F4CEC21AD772F00402370 /* Release */ = {
			isa = XCBuildConfiguration;
			buildSettings = {
				CLANG_ENABLE_MODULES = NO;
				CODE_SIGN_STYLE = Automatic;
				DEVELOPMENT_TEAM = 9U67N7DWVQ;
				HEADER_SEARCH_PATHS = (
					"#include",
					"/usr/local/include/**",
				);
				LIBRARY_SEARCH_PATHS = "/usr/local/lib/**";
				PRODUCT_NAME = "$(TARGET_NAME)";
			};
			name = Release;
		};
/* End XCBuildConfiguration section */

/* Begin XCConfigurationList section */
		E87F4CDE21AD772F00402370 /* Build configuration list for PBXProject "OpenGL" */ = {
			isa = XCConfigurationList;
			buildConfigurations = (
				E87F4CE821AD772F00402370 /* Debug */,
				E87F4CE921AD772F00402370 /* Release */,
			);
			defaultConfigurationIsVisible = 0;
			defaultConfigurationName = Release;
		};
		E87F4CEA21AD772F00402370 /* Build configuration list for PBXNativeTarget "OpenGL" */ = {
			isa = XCConfigurationList;
			buildConfigurations = (
				E87F4CEB21AD772F00402370 /* Debug */,
				E87F4CEC21AD772F00402370 /* Release */,
			);
			defaultConfigurationIsVisible = 0;
			defaultConfigurationName = Release;
		};
/* End XCConfigurationList section */
	};
	rootObject = E87F4CDB21AD772F00402370 /* Project object */;
}
