// !$*UTF8*$!
{
	archiveVersion = 1;
	classes = {
	};
	objectVersion = 50;
	objects = {

/* Begin PBXBuildFile section */
		E816F91021AD85CD00A214B7 /* libglfw3.a in Frameworks */ = {isa = PBXBuildFile; fileRef = E816F90F21AD85CD00A214B7 /* libglfw3.a */; };
		E816F91B21AD868500A214B7 /* glad.c in Sources */ = {isa = PBXBuildFile; fileRef = E816F91621AD868500A214B7 /* glad.c */; };
		E86D2EA221C52FFB001133E3 /* 2.2.hello_triangle_exercise3.mm in Sources */ = {isa = PBXBuildFile; fileRef = E86D2EA121C52FFB001133E3 /* 2.2.hello_triangle_exercise3.mm */; };
		E87F4D2A21AD7F6D00402370 /* Cocoa.framework in Frameworks */ = {isa = PBXBuildFile; fileRef = E87F4D2921AD7F6D00402370 /* Cocoa.framework */; };
		E87F4D2C21AD7F7400402370 /* OpenGL.framework in Frameworks */ = {isa = PBXBuildFile; fileRef = E87F4D2B21AD7F7400402370 /* OpenGL.framework */; };
		E87F4D2E21AD7F7A00402370 /* GLUT.framework in Frameworks */ = {isa = PBXBuildFile; fileRef = E87F4D2D21AD7F7A00402370 /* GLUT.framework */; };
		E87F4D3021AD7F8100402370 /* CoreVideo.framework in Frameworks */ = {isa = PBXBuildFile; fileRef = E87F4D2F21AD7F8100402370 /* CoreVideo.framework */; };
		E87F4D3221AD7F8800402370 /* IOKit.framework in Frameworks */ = {isa = PBXBuildFile; fileRef = E87F4D3121AD7F8800402370 /* IOKit.framework */; };
/* End PBXBuildFile section */

/* Begin PBXCopyFilesBuildPhase section */
		E87F4CE121AD772F00402370 /* CopyFiles */ = {
			isa = PBXCopyFilesBuildPhase;
			buildActionMask = 2147483647;
			dstPath = /usr/share/man/man1/;
			dstSubfolderSpec = 0;
			files = (
			);
			runOnlyForDeploymentPostprocessing = 1;
		};
/* End PBXCopyFilesBuildPhase section */

/* Begin PBXFileReference section */
		E816F90F21AD85CD00A214B7 /* libglfw3.a */ = {isa = PBXFileReference; lastKnownFileType = archive.ar; name = libglfw3.a; path = OpenGL/GLFW/libglfw3.a; sourceTree = "<group>"; };
		E816F91321AD868500A214B7 /* khrplatform.h */ = {isa = PBXFileReference; fileEncoding = 4; lastKnownFileType = sourcecode.c.h; path = khrplatform.h; sourceTree = "<group>"; };
		E816F91521AD868500A214B7 /* glad.h */ = {isa = PBXFileReference; fileEncoding = 4; lastKnownFileType = sourcecode.c.h; path = glad.h; sourceTree = "<group>"; };
		E816F91621AD868500A214B7 /* glad.c */ = {isa = PBXFileReference; fileEncoding = 4; lastKnownFileType = sourcecode.c.c; path = glad.c; sourceTree = "<group>"; };
		E816F91821AD868500A214B7 /* glfw3.h */ = {isa = PBXFileReference; fileEncoding = 4; lastKnownFileType = sourcecode.c.h; path = glfw3.h; sourceTree = "<group>"; };
		E816F91921AD868500A214B7 /* glfw3native.h */ = {isa = PBXFileReference; fileEncoding = 4; lastKnownFileType = sourcecode.c.h; path = glfw3native.h; sourceTree = "<group>"; };
		E86D2EA121C52FFB001133E3 /* 2.2.hello_triangle_exercise3.mm */ = {isa = PBXFileReference; fileEncoding = 4; lastKnownFileType = sourcecode.cpp.objcpp; path = 2.2.hello_triangle_exercise3.mm; sourceTree = "<group>"; };
		E87F4CE321AD772F00402370 /* OpenGL */ = {isa = PBXFileReference; explicitFileType = "compiled.mach-o.executable"; includeInIndex = 0; path = OpenGL; sourceTree = BUILT_PRODUCTS_DIR; };
		E87F4D2921AD7F6D00402370 /* Cocoa.framework */ = {isa = PBXFileReference; lastKnownFileType = wrapper.framework; name = Cocoa.framework; path = System/Library/Frameworks/Cocoa.framework; sourceTree = SDKROOT; };
		E87F4D2B21AD7F7400402370 /* OpenGL.framework */ = {isa = PBXFileReference; lastKnownFileType = wrapper.framework; name = OpenGL.framework; path = System/Library/Frameworks/OpenGL.framework; sourceTree = SDKROOT; };
		E87F4D2D21AD7F7A00402370 /* GLUT.framework */ = {isa = PBXFileReference; lastKnownFileType = wrapper.framework; name = GLUT.framework; path = System/Library/Frameworks/GLUT.framework; sourceTree = SDKROOT; };
		E87F4D2F21AD7F8100402370 /* CoreVideo.framework */ = {isa = PBXFileReference; lastKnownFileType = wrapper.framework; name = CoreVideo.framework; path = System/Library/Frameworks/CoreVideo.framework; sourceTree = SDKROOT; };
		E87F4D3121AD7F8800402370 /* IOKit.framework */ = {isa = PBXFileReference; lastKnownFileType = wrapper.framework; name = IOKit.framework; path = System/Library/Frameworks/IOKit.framework; sourceTree = SDKROOT; };
/* End PBXFileReference section */

/* Begin PBXFrameworksBuildPhase section */
		E87F4CE021AD772F00402370 /* Frameworks */ = {
			isa = PBXFrameworksBuildPhase;
			buildActionMask = 2147483647;
			files = (
				E816F91021AD85CD00A214B7 /* libglfw3.a in Frameworks */,
				E87F4D3221AD7F8800402370 /* IOKit.framework in Frameworks */,
				E87F4D3021AD7F8100402370 /* CoreVideo.framework in Frameworks */,
				E87F4D2E21AD7F7A00402370 /* GLUT.framework in Frameworks */,
				E87F4D2C21AD7F7400402370 /* OpenGL.framework in Frameworks */,
				E87F4D2A21AD7F6D00402370 /* Cocoa.framework in Frameworks */,
			);
			runOnlyForDeploymentPostprocessing = 0;
		};
/* End PBXFrameworksBuildPhase section */

/* Begin PBXGroup section */
		E816F91121AD868500A214B7 /* GLAD */ = {
			isa = PBXGroup;
			children = (
				E816F91221AD868500A214B7 /* KHR */,
				E816F91421AD868500A214B7 /* glad */,
				E816F91621AD868500A214B7 /* glad.c */,
			);
			path = GLAD;
			sourceTree = "<group>";
		};
		E816F91221AD868500A214B7 /* KHR */ = {
			isa = PBXGroup;
			children = (
				E816F91321AD868500A214B7 /* khrplatform.h */,
			);
			path = KHR;
			sourceTree = "<group>";
		};
		E816F91421AD868500A214B7 /* glad */ = {
			isa = PBXGroup;
			children = (
				E816F91521AD868500A214B7 /* glad.h */,
			);
			path = glad;
			sourceTree = "<group>";
		};
		E816F91721AD868500A214B7 /* GLFW */ = {
			isa = PBXGroup;
			children = (
				E816F91821AD868500A214B7 /* glfw3.h */,
				E816F91921AD868500A214B7 /* glfw3native.h */,
			);
			path = GLFW;
			sourceTree = "<group>";
		};
		E87F4CDA21AD772F00402370 = {
			isa = PBXGroup;
			children = (
				E87F4CE521AD772F00402370 /* OpenGL */,
				E87F4CE421AD772F00402370 /* Products */,
				E87F4D0E21AD77E100402370 /* Frameworks */,
			);
			sourceTree = "<group>";
		};
		E87F4CE421AD772F00402370 /* Products */ = {
			isa = PBXGroup;
			children = (
				E87F4CE321AD772F00402370 /* OpenGL */,
			);
			name = Products;
			sourceTree = "<group>";
		};
		E87F4CE521AD772F00402370 /* OpenGL */ = {
			isa = PBXGroup;
			children = (
				E86D2EA121C52FFB001133E3 /* 2.2.hello_triangle_exercise3.mm */,
				E816F91121AD868500A214B7 /* GLAD */,
				E816F91721AD868500A214B7 /* GLFW */,
			);
			path = OpenGL;
			sourceTree = "<group>";
		};
		E87F4D0E21AD77E100402370 /* Frameworks */ = {
			isa = PBXGroup;
			children = (
				E816F90F21AD85CD00A214B7 /* libglfw3.a */,
				E87F4D3121AD7F8800402370 /* IOKit.framework */,
				E87F4D2F21AD7F8100402370 /* CoreVideo.framework */,
				E87F4D2D21AD7F7A00402370 /* GLUT.framework */,
				E87F4D2B21AD7F7400402370 /* OpenGL.framework */,
				E87F4D2921AD7F6D00402370 /* Cocoa.framework */,
			);
			name = Frameworks;
			sourceTree = "<group>";
		};
/* End PBXGroup section */

/* Begin PBXNativeTarget section */
		E87F4CE221AD772F00402370 /* OpenGL */ = {
			isa = PBXNativeTarget;
			buildConfigurationList = E87F4CEA21AD772F00402370 /* Build configuration list for PBXNativeTarget "OpenGL" */;
			buildPhases = (
				E87F4CDF21AD772F00402370 /* Sources */,
				E87F4CE021AD772F00402370 /* Frameworks */,
				E87F4CE121AD772F00402370 /* CopyFiles */,
			);
			buildRules = (
			);
			dependencies = (
			);
			name = OpenGL;
			productName = OpenGL;
			productReference = E87F4CE321AD772F00402370 /* OpenGL */;
			productType = "com.apple.product-type.tool";
		};
/* End PBXNativeTarget section */

/* Begin PBXProject section */
		E87F4CDB21AD772F00402370 /* Project object */ = {
			isa = PBXProject;
			attributes = {
				LastUpgradeCheck = 1010;
				ORGANIZATIONNAME = wxh;
				TargetAttributes = {
					E87F4CE221AD772F00402370 = {
						CreatedOnToolsVersion = 10.1;
					};
				};
			};
			buildConfigurationList = E87F4CDE21AD772F00402370 /* Build configuration list for PBXProject "OpenGL" */;
			compatibilityVersion = "Xcode 9.3";
			developmentRegion = en;
			hasScannedForEncodings = 0;
			knownRegions = (
				en,
			);
			mainGroup = E87F4CDA21AD772F00402370;
			productRefGroup = E87F4CE421AD772F00402370 /* Products */;
			projectDirPath = "";
			projectRoot = "";
			targets = (
				E87F4CE221AD772F00402370 /* OpenGL */,
			);
		};
/* End PBXProject section */

/* Begin PBXSourcesBuildPhase section */
		E87F4CDF21AD772F00402370 /* Sources */ = {
			isa = PBXSourcesBuildPhase;
			buildActionMask = 2147483647;
			files = (
				E86D2EA221C52FFB001133E3 /* 2.2.hello_triangle_exercise3.mm in Sources */,
				E816F91B21AD868500A214B7 /* glad.c in Sources */,
			);
			runOnlyForDeploymentPostprocessing = 0;
		};
/* End PBXSourcesBuildPhase section */

/* Begin XCBuildConfiguration section */
		E87F4CE821AD772F00402370 /* Debug */ = {
			isa = XCBuildConfiguration;
			buildSettings = {
				ALWAYS_SEARCH_USER_PATHS = NO;
				CLANG_ANALYZER_NONNULL = YES;
				CLANG_ANALYZER_NUMBER_OBJECT_CONVERSION = YES_AGGRESSIVE;
				CLANG_CXX_LANGUAGE_STANDARD = "gnu++14";
				CLANG_CXX_LIBRARY = "libc++";
				CLANG_ENABLE_MODULES = YES;
				CLANG_ENABLE_OBJC_ARC = YES;
				CLANG_ENABLE_OBJC_WEAK = YES;
				CLANG_WARN_BLOCK_CAPTURE_AUTORELEASING = YES;
				CLANG_WARN_BOOL_CONVERSION = YES;
				CLANG_WARN_COMMA = YES;
				CLANG_WARN_CONSTANT_CONVERSION = YES;
				CLANG_WARN_DEPRECATED_OBJC_IMPLEMENTATIONS = YES;
				CLANG_WARN_DIRECT_OBJC_ISA_USAGE = YES_ERROR;
				CLANG_WARN_DOCUMENTATION_COMMENTS = YES;
				CLANG_WARN_EMPTY_BODY = YES;
				CLANG_WARN_ENUM_CONVERSION = YES;
				CLANG_WARN_INFINITE_RECURSION = YES;
				CLANG_WARN_INT_CONVERSION = YES;
				CLANG_WARN_NON_LITERAL_NULL_CONVERSION = YES;
				CLANG_WARN_OBJC_IMPLICIT_RETAIN_SELF = YES;
				CLANG_WARN_OBJC_LITERAL_CONVERSION = YES;
				CLANG_WARN_OBJC_ROOT_CLASS = YES_ERROR;
				CLANG_WARN_RANGE_LOOP_ANALYSIS = YES;
				CLANG_WARN_STRICT_PROTOTYPES = YES;
				CLANG_WARN_SUSPICIOUS_MOVE = YES;
				CLANG_WARN_UNGUARDED_AVAILABILITY = YES_AGGRESSIVE;
				CLANG_WARN_UNREACHABLE_CODE = YES;
				CLANG_WARN__DUPLICATE_METHOD_MATCH = YES;
				CODE_SIGN_IDENTITY = "Mac Developer";
				COPY_PHASE_STRIP = NO;
				DEBUG_INFORMATION_FORMAT = dwarf;
				ENABLE_STRICT_OBJC_MSGSEND = YES;
				ENABLE_TESTABILITY = YES;
				GCC_C_LANGUAGE_STANDARD = gnu11;
				GCC_DYNAMIC_NO_PIC = NO;
				GCC_NO_COMMON_BLOCKS = YES;
				GCC_OPTIMIZATION_LEVEL = 0;
				GCC_PREPROCESSOR_DEFINITIONS = (
					"DEBUG=1",
					"$(inherited)",
				);
				GCC_WARN_64_TO_32_BIT_CONVERSION = YES;
				GCC_WARN_ABOUT_RETURN_TYPE = YES_ERROR;
				GCC_WARN_UNDECLARED_SELECTOR = YES;
				GCC_WARN_UNINITIALIZED_AUTOS = YES_AGGRESSIVE;
				GCC_WARN_UNUSED_FUNCTION = YES;
				GCC_WARN_UNUSED_VARIABLE = YES;
				MACOSX_DEPLOYMENT_TARGET = 10.14;
				MTL_ENABLE_DEBUG_INFO = INCLUDE_SOURCE;
				MTL_FAST_MATH = YES;
				ONLY_ACTIVE_ARCH = YES;
				SDKROOT = macosx;
			};
			name = Debug;
		};
		E87F4CE921AD772F00402370 /* Release */ = {
			isa = XCBuildConfiguration;
			buildSettings = {
				ALWAYS_SEARCH_USER_PATHS = NO;
				CLANG_ANALYZER_NONNULL = YES;
				CLANG_ANALYZER_NUMBER_OBJECT_CONVERSION = YES_AGGRESSIVE;
				CLANG_CXX_LANGUAGE_STANDARD = "gnu++14";
				CLANG_CXX_LIBRARY = "libc++";
				CLANG_ENABLE_MODULES = YES;
				CLANG_ENABLE_OBJC_ARC = YES;
				CLANG_ENABLE_OBJC_WEAK = YES;
				CLANG_WARN_BLOCK_CAPTURE_AUTORELEASING = YES;
				CLANG_WARN_BOOL_CONVERSION = YES;
				CLANG_WARN_COMMA = YES;
				CLANG_WARN_CONSTANT_CONVERSION = YES;
				CLANG_WARN_DEPRECATED_OBJC_IMPLEMENTATIONS = YES;
				CLANG_WARN_DIRECT_OBJC_ISA_USAGE = YES_ERROR;
				CLANG_WARN_DOCUMENTATION_COMMENTS = YES;
				CLANG_WARN_EMPTY_BODY = YES;
				CLANG_WARN_ENUM_CONVERSION = YES;
				CLANG_WARN_INFINITE_RECURSION = YES;
				CLANG_WARN_INT_CONVERSION = YES;
				CLANG_WARN_NON_LITERAL_NULL_CONVERSION = YES;
				CLANG_WARN_OBJC_IMPLICIT_RETAIN_SELF = YES;
				CLANG_WARN_OBJC_LITERAL_CONVERSION = YES;
				CLANG_WARN_OBJC_ROOT_CLASS = YES_ERROR;
				CLANG_WARN_RANGE_LOOP_ANALYSIS = YES;
				CLANG_WARN_STRICT_PROTOTYPES = YES;
				CLANG_WARN_SUSPICIOUS_MOVE = YES;
				CLANG_WARN_UNGUARDED_AVAILABILITY = YES_AGGRESSIVE;
				CLANG_WARN_UNREACHABLE_CODE = YES;
				CLANG_WARN__DUPLICATE_METHOD_MATCH = YES;
				CODE_SIGN_IDENTITY = "Mac Developer";
				COPY_PHASE_STRIP = NO;
				DEBUG_INFORMATION_FORMAT = "dwarf-with-dsym";
				ENABLE_NS_ASSERTIONS = NO;
				ENABLE_STRICT_OBJC_MSGSEND = YES;
				GCC_C_LANGUAGE_STANDARD = gnu11;
				GCC_NO_COMMON_BLOCKS = YES;
				GCC_WARN_64_TO_32_BIT_CONVERSION = YES;
				GCC_WARN_ABOUT_RETURN_TYPE = YES_ERROR;
				GCC_WARN_UNDECLARED_SELECTOR = YES;
				GCC_WARN_UNINITIALIZED_AUTOS = YES_AGGRESSIVE;
				GCC_WARN_UNUSED_FUNCTION = YES;
				GCC_WARN_UNUSED_VARIABLE = YES;
				MACOSX_DEPLOYMENT_TARGET = 10.14;
				MTL_ENABLE_DEBUG_INFO = NO;
				MTL_FAST_MATH = YES;
				SDKROOT = macosx;
			};
			name = Release;
		};
		E87F4CEB21AD772F00402370 /* Debug */ = {
			isa = XCBuildConfiguration;
			buildSettings = {
				CODE_SIGN_STYLE = Automatic;
				DEVELOPMENT_TEAM = 88DGDHB63N;
				HEADER_SEARCH_PATHS = (
					"#include",
					"$(PROJECT_DIR)/OpenGL/GLFW",
					"$(PROJECT_DIR)/OpenGL/GLAD",
				);
				LIBRARY_SEARCH_PATHS = (
					"$(inherited)",
					"$(PROJECT_DIR)/OpenGL/GLFW",
				);
				PRODUCT_NAME = "$(TARGET_NAME)";
			};
			name = Debug;
		};
		E87F4CEC21AD772F00402370 /* Release */ = {
			isa = XCBuildConfiguration;
			buildSettings = {
				CODE_SIGN_STYLE = Automatic;
				DEVELOPMENT_TEAM = 88DGDHB63N;
				HEADER_SEARCH_PATHS = (
					"#include",
					"$(PROJECT_DIR)/OpenGL/GLFW",
					"$(PROJECT_DIR)/OpenGL/GLAD",
				);
				LIBRARY_SEARCH_PATHS = (
					"$(inherited)",
					"$(PROJECT_DIR)/OpenGL/GLFW",
				);
				PRODUCT_NAME = "$(TARGET_NAME)";
			};
			name = Release;
		};
/* End XCBuildConfiguration section */

/* Begin XCConfigurationList section */
		E87F4CDE21AD772F00402370 /* Build configuration list for PBXProject "OpenGL" */ = {
			isa = XCConfigurationList;
			buildConfigurations = (
				E87F4CE821AD772F00402370 /* Debug */,
				E87F4CE921AD772F00402370 /* Release */,
			);
			defaultConfigurationIsVisible = 0;
			defaultConfigurationName = Release;
		};
		E87F4CEA21AD772F00402370 /* Build configuration list for PBXNativeTarget "OpenGL" */ = {
			isa = XCConfigurationList;
			buildConfigurations = (
				E87F4CEB21AD772F00402370 /* Debug */,
				E87F4CEC21AD772F00402370 /* Release */,
			);
			defaultConfigurationIsVisible = 0;
			defaultConfigurationName = Release;
		};
/* End XCConfigurationList section */
	};
	rootObject = E87F4CDB21AD772F00402370 /* Project object */;
}
